# THIS IS AN AUTOGENERATED FILE. DO NOT EDIT THIS FILE DIRECTLY.
# yarn lockfile v1


prettier@^2.8.8:
  version "2.8.8"
  resolved "https://registry.yarnpkg.com/prettier/-/prettier-2.8.8.tgz#e8c5d7e98a4305ffe3de2e1fc4aca1a71c28b1da"
  integrity sha512-tdN8qQGvNjw4CHbY+XXk0JgCXn9QiF21a55rBe5LJAU+kDyC4WQn4+awm2Xfk2lQMk5fKup9XgzTZtGkjBdP9Q==

zenn-cli@^0.1.148:
  version "0.1.148"
  resolved "https://registry.yarnpkg.com/zenn-cli/-/zenn-cli-0.1.148.tgz#279bc4600788a10c5b24ecc1f5683104069d0bda"
  integrity sha512-q4c3W6HOJZzX+Ce/7d4vBm5iY2G8j5o+d5P04BuxE5U9rg2qOrZS9PJEIFk9QktJ7BwJ6RjxkGiQI+rnGx/BIw==
