# THIS IS AN AUTOGENERATED FILE. DO NOT EDIT THIS FILE DIRECTLY.
# yarn lockfile v1


prettier@^2.8.8:
  version "2.8.8"
  resolved "https://registry.yarnpkg.com/prettier/-/prettier-2.8.8.tgz#e8c5d7e98a4305ffe3de2e1fc4aca1a71c28b1da"
  integrity sha512-tdN8qQGvNjw4CHbY+XXk0JgCXn9QiF21a55rBe5LJAU+kDyC4WQn4+awm2Xfk2lQMk5fKup9XgzTZtGkjBdP9Q==

zenn-cli@^0.1.153:
  version "0.1.153"
  resolved "https://registry.yarnpkg.com/zenn-cli/-/zenn-cli-0.1.153.tgz#38db92cba432d2bc9d4c9c1068502ed7688be437"
  integrity sha512-MLIdtRW2arQBuVCKlWrMF4eFZGkvmswrcc0OvgxmQs9w9/9rODfoyFK9nQQwrgyUwlxDzhUa/oAO6nks4GY5DA==
